{
  "name": "p7d-markdown-it-hr-sandwiched-semantic-container",
  "version": "0.2.0",
  "lockfileVersion": 2,
  "requires": true,
  "packages": {
    "": {
      "name": "p7d-markdown-it-hr-sandwiched-semantic-container",
      "version": "0.2.0",
      "dependencies": {
        "@peaceroad/markdown-it-hr-sandwiched-semantic-container": "^0.2.1"
      },
      "engines": {
        "vscode": "^1.57.0"
      }
    },
    "node_modules/@peaceroad/markdown-it-hr-sandwiched-semantic-container": {
      "version": "0.2.1",
      "resolved": "https://registry.npmjs.org/@peaceroad/markdown-it-hr-sandwiched-semantic-container/-/markdown-it-hr-sandwiched-semantic-container-0.2.1.tgz",
      "integrity": "sha512-qvr27G/yP/kkY6YTpyOXVRPoA5p5i3qTrtfZ8LtRKZybrJqzwUckV0h+da65Db7JFxD7tUfsIl8hz/eszAvptA=="
    }
  },
  "dependencies": {
    "@peaceroad/markdown-it-hr-sandwiched-semantic-container": {
      "version": "0.2.1",
      "resolved": "https://registry.npmjs.org/@peaceroad/markdown-it-hr-sandwiched-semantic-container/-/markdown-it-hr-sandwiched-semantic-container-0.2.1.tgz",
      "integrity": "sha512-qvr27G/yP/kkY6YTpyOXVRPoA5p5i3qTrtfZ8LtRKZybrJqzwUckV0h+da65Db7JFxD7tUfsIl8hz/eszAvptA=="
    }
  }
}
