{
  "name": "p7d-markdown-it-hr-sandwiched-semantic-container",
  "version": "0.2.1",
  "lockfileVersion": 2,
  "requires": true,
  "packages": {
    "": {
      "name": "p7d-markdown-it-hr-sandwiched-semantic-container",
      "version": "0.2.1",
      "dependencies": {
        "@peaceroad/markdown-it-hr-sandwiched-semantic-container": "^0.2.3"
      },
      "engines": {
        "vscode": "^1.57.0"
      }
    },
    "node_modules/@peaceroad/markdown-it-hr-sandwiched-semantic-container": {
      "version": "0.2.3",
      "resolved": "https://registry.npmjs.org/@peaceroad/markdown-it-hr-sandwiched-semantic-container/-/markdown-it-hr-sandwiched-semantic-container-0.2.3.tgz",
      "integrity": "sha512-OrberYP0nuBluwulqYTndhav6z2mNI49uhmUXxLYsLhV8Ah8A9z819ZWCAySQl4qngrWKf+JQp8kr9LRA6hXUg=="
    }
  },
  "dependencies": {
    "@peaceroad/markdown-it-hr-sandwiched-semantic-container": {
      "version": "0.2.3",
      "resolved": "https://registry.npmjs.org/@peaceroad/markdown-it-hr-sandwiched-semantic-container/-/markdown-it-hr-sandwiched-semantic-container-0.2.3.tgz",
      "integrity": "sha512-OrberYP0nuBluwulqYTndhav6z2mNI49uhmUXxLYsLhV8Ah8A9z819ZWCAySQl4qngrWKf+JQp8kr9LRA6hXUg=="
    }
  }
}
