{
  "name": "p7d-markdown-it-hr-sandwiched-semantic-container",
  "version": "0.1.0",
  "lockfileVersion": 2,
  "requires": true,
  "packages": {
    "": {
      "name": "p7d-markdown-it-hr-sandwiched-semantic-container",
      "version": "0.1.0",
      "dependencies": {
        "@peaceroad/markdown-it-hr-sandwiched-semantic-container": "^0.1.7"
      },
      "engines": {
        "vscode": "^1.57.0"
      }
    },
    "node_modules/@peaceroad/markdown-it-hr-sandwiched-semantic-container": {
      "version": "0.1.7",
      "resolved": "https://registry.npmjs.org/@peaceroad/markdown-it-hr-sandwiched-semantic-container/-/markdown-it-hr-sandwiched-semantic-container-0.1.7.tgz",
      "integrity": "sha512-778+WHvkon/AWrnXfMHVIBtjTA7gWGEw7TdzVzGa8UIE0qaCcJWA3ELt200He36FKaymS1mE19ciJN1reD9u1g=="
    }
  },
  "dependencies": {
    "@peaceroad/markdown-it-hr-sandwiched-semantic-container": {
      "version": "0.1.7",
      "resolved": "https://registry.npmjs.org/@peaceroad/markdown-it-hr-sandwiched-semantic-container/-/markdown-it-hr-sandwiched-semantic-container-0.1.7.tgz",
      "integrity": "sha512-778+WHvkon/AWrnXfMHVIBtjTA7gWGEw7TdzVzGa8UIE0qaCcJWA3ELt200He36FKaymS1mE19ciJN1reD9u1g=="
    }
  }
}
